{
  "nodes": {
    "bctoolbox-src": {
      "flake": false,
      "locked": {
        "lastModified": 1670402341,
        "narHash": "sha256-BV1+VjkSAEbR8jgLTbeOY05blylv1N91LvBkmUulxxk=",
        "ref": "c2e61c5a283a5ab7d07c61011d48ef0ab0531d99",
        "rev": "c2e61c5a283a5ab7d07c61011d48ef0ab0531d99",
        "revCount": 793,
        "type": "git",
        "url": "file:./bctoolbox"
      },
      "original": {
        "type": "git",
        "url": "file:./bctoolbox"
      }
    },
    "bcunit-src": {
      "flake": false,
      "locked": {
        "lastModified": 1644485554,
        "narHash": "sha256-8DSfqHerx/V00SJjTSQaG9Rjqx330iG6sGivBDUvQfA=",
        "ref": "e3557aed8ba22e04047a9e4371a331b863081fc8",
        "rev": "e3557aed8ba22e04047a9e4371a331b863081fc8",
        "revCount": 221,
        "type": "git",
        "url": "file:./bcunit"
      },
      "original": {
        "type": "git",
        "url": "file:./bcunit"
      }
    },
    "belcard-src": {
      "flake": false,
      "locked": {
        "lastModified": 1643288240,
        "narHash": "sha256-Q5FJ1Nh61woyXN7BVTZGNGXOVhcZXakLWcxaavPpgeY=",
        "ref": "f50f203d6a44b6ec3bfd897d8057a94dfefa3e57",
        "rev": "f50f203d6a44b6ec3bfd897d8057a94dfefa3e57",
        "revCount": 230,
        "type": "git",
        "url": "file:./belcard"
      },
      "original": {
        "type": "git",
        "url": "file:./belcard"
      }
    },
    "belle-sip-src": {
      "flake": false,
      "locked": {
        "lastModified": 1667580399,
        "narHash": "sha256-LMbQz22ENTT27jr9tGakzNjidC5nfCuLDMZ6sFwtRKI=",
        "ref": "408168dc1caf455000a515ba831cdc1db81f4362",
        "rev": "408168dc1caf455000a515ba831cdc1db81f4362",
        "revCount": 2112,
        "type": "git",
        "url": "file:./belle-sip"
      },
      "original": {
        "type": "git",
        "url": "file:./belle-sip"
      }
    },
    "belr-src": {
      "flake": false,
      "locked": {
        "lastModified": 1644486107,
        "narHash": "sha256-EXD4OFTSBfaNgjv9yaWquCq6oqz0/d5nugc7BDwiQrg=",
        "ref": "5b9f1ecb134f431b92a5d4bb5d4ca65ab4f47d59",
        "rev": "5b9f1ecb134f431b92a5d4bb5d4ca65ab4f47d59",
        "revCount": 196,
        "type": "git",
        "url": "file:./belr"
      },
      "original": {
        "type": "git",
        "url": "file:./belr"
      }
    },
    "bzrtp-src": {
      "flake": false,
      "locked": {
        "lastModified": 1668430154,
        "narHash": "sha256-nrnGmJxAeobejS6zdn5Z/kOFOxyepZcxW/G4nXAt2DY=",
        "ref": "b8194979fd5ad657381be6b7b989813b1d763075",
        "rev": "b8194979fd5ad657381be6b7b989813b1d763075",
        "revCount": 313,
        "type": "git",
        "url": "file:./bzrtp"
      },
      "original": {
        "type": "git",
        "url": "file:./bzrtp"
      }
    },
    "decaf-src": {
      "flake": false,
      "locked": {
        "lastModified": 1658325219,
        "narHash": "sha256-QFOAgLiPbG2ZdwKoCOrVD5/sPq9IH4rtAWnnk/rZWcs=",
        "ref": "876ddb4d465c94f97beba1be450e8538d866cc5d",
        "rev": "876ddb4d465c94f97beba1be450e8538d866cc5d",
        "revCount": 561,
        "type": "git",
        "url": "file:./external/decaf"
      },
      "original": {
        "type": "git",
        "url": "file:./external/decaf"
      }
    },
    "liblinphone-src": {
      "flake": false,
      "locked": {
        "lastModified": 1671627958,
        "narHash": "sha256-kNBNUSpRWCeaCFfYto4vI+nxaUsZo1uCz4jWKb3GEck=",
        "ref": "refs/heads/feature/nix-flake",
        "rev": "fd11966ee2c84ff1256ef25748017af46a693ae2",
        "revCount": 15994,
        "type": "git",
        "url": "file:./liblinphone"
      },
      "original": {
        "type": "git",
        "url": "file:./liblinphone"
      }
    },
    "lime-src": {
      "flake": false,
      "locked": {
        "lastModified": 1668033237,
        "narHash": "sha256-WQ6AcJpQSvWR5m2edVNji5u6ZiS4QOH45vQN2q+39NU=",
        "ref": "c20149550d1d9386cff67640d5391d0c814a7e70",
        "rev": "c20149550d1d9386cff67640d5391d0c814a7e70",
        "revCount": 241,
        "type": "git",
        "url": "file:./lime"
      },
      "original": {
        "type": "git",
        "url": "file:./lime"
      }
    },
    "mediastreamer2-src": {
      "flake": false,
      "locked": {
        "lastModified": 1670303655,
        "narHash": "sha256-ANB0fxaemDrDweR7gGFD9/8HP61H1J3tgZ9lRfP5rig=",
        "ref": "723a7e81c7d2dc1639fd648cba433439a616ced0",
        "rev": "723a7e81c7d2dc1639fd648cba433439a616ced0",
        "revCount": 6334,
        "type": "git",
        "url": "file:./mediastreamer2"
      },
      "original": {
        "type": "git",
        "url": "file:./mediastreamer2"
      }
    },
    "msopenh264-src": {
      "flake": false,
      "locked": {
        "lastModified": 1665651306,
        "narHash": "sha256-V7qyDavcbQ9mHTDiZQA+pPW27jDG9aRc3jOx0FbOd0k=",
        "ref": "5c7a9522478f5eedc9a3e1600fdd705da1e00d23",
        "rev": "5c7a9522478f5eedc9a3e1600fdd705da1e00d23",
        "revCount": 155,
        "type": "git",
        "url": "file:./msopenh264"
      },
      "original": {
        "type": "git",
        "url": "file:./msopenh264"
      }
    },
    "nixpkgs": {
      "locked": {
        "lastModified": 1671458120,
        "narHash": "sha256-2+k/OONN4OF21TeoNjKB5sXVZv6Zvm/uEyQIW9OYCg8=",
        "owner": "NixOS",
        "repo": "nixpkgs",
        "rev": "e37ef84b478fa8da0ced96522adfd956fde9047a",
        "type": "github"
      },
      "original": {
        "id": "nixpkgs",
        "type": "indirect"
      }
    },
    "ortp-src": {
      "flake": false,
      "locked": {
        "lastModified": 1667934724,
        "narHash": "sha256-eaLgqgs2pyy1mHDOsu9+uXF5kSzcwl0782ntM/HX0ik=",
        "ref": "4970d046ef5c0f7bd82ff0398fef36a37d1c03e5",
        "rev": "4970d046ef5c0f7bd82ff0398fef36a37d1c03e5",
        "revCount": 1949,
        "type": "git",
        "url": "file:./ortp"
      },
      "original": {
        "type": "git",
        "url": "file:./ortp"
      }
    },
    "root": {
      "inputs": {
        "bctoolbox-src": "bctoolbox-src",
        "bcunit-src": "bcunit-src",
        "belcard-src": "belcard-src",
        "belle-sip-src": "belle-sip-src",
        "belr-src": "belr-src",
        "bzrtp-src": "bzrtp-src",
        "decaf-src": "decaf-src",
        "liblinphone-src": "liblinphone-src",
        "lime-src": "lime-src",
        "mediastreamer2-src": "mediastreamer2-src",
        "msopenh264-src": "msopenh264-src",
        "nixpkgs": "nixpkgs",
        "ortp-src": "ortp-src",
        "soci-src": "soci-src"
      }
    },
    "soci-src": {
      "flake": false,
      "locked": {
        "lastModified": 1666869863,
        "narHash": "sha256-AaB5+enmYCaC/BggzV9U4X5gfpJn3rYcVOYZoZTE6DI=",
        "ref": "f2fbea4b7fc2166103a10c238c0bdcfbf13073c4",
        "rev": "f2fbea4b7fc2166103a10c238c0bdcfbf13073c4",
        "revCount": 2451,
        "type": "git",
        "url": "file:./external/soci"
      },
      "original": {
        "type": "git",
        "url": "file:./external/soci"
      }
    }
  },
  "root": "root",
  "version": 7
}
